
Microsoft Visual Studio Solution File, Format Version 12.00
# Visual Studio Version 17
VisualStudioVersion = 17.0.31903.59
MinimumVisualStudioVersion = 10.0.40219.1
Project("{FAE04EC0-301F-11D3-BF4B-00C04F79EFBC}") = "Application", "Application\Application.csproj", "{DA459A3D-77E3-43C3-AE79-9147CDA75EB0}"
EndProject
Project("{FAE04EC0-301F-11D3-BF4B-00C04F79EFBC}") = "Domain", "Domain\Domain.csproj", "{C9E20B09-EF51-46E1-9498-13638CDE8C6F}"
EndProject
Project("{FAE04EC0-301F-11D3-BF4B-00C04F79EFBC}") = "Infrastructure", "Infrastructure\Infrastructure.csproj", "{15D11F96-C9A9-4EAA-B336-9143BD4F437D}"
EndProject
Project("{FAE04EC0-301F-11D3-BF4B-00C04F79EFBC}") = "WebAPIHost", "WebAPIHost\WebAPIHost.csproj", "{D7078054-8CE4-45CD-B0DB-BEF3143AC3E5}"
EndProject
Project("{FAE04EC0-301F-11D3-BF4B-00C04F79EFBC}") = "WorkerServiceHost", "WorkerServiceHost\WorkerServiceHost.csproj", "{06720297-963C-4B95-B5AF-28540961DE5D}"
EndProject
Project("{54A90642-561A-4BB1-A94E-469ADEE60C69}") = "vuebluearchiveproject", "vueBlueArchiveProject\vuebluearchiveproject.esproj", "{81D8B1CB-A572-46EB-B5EA-7D4A07665635}"
EndProject
Global
	GlobalSection(SolutionConfigurationPlatforms) = preSolution
		Debug|Any CPU = Debug|Any CPU
		Release|Any CPU = Release|Any CPU
	EndGlobalSection
	GlobalSection(ProjectConfigurationPlatforms) = postSolution
		{DA459A3D-77E3-43C3-AE79-9147CDA75EB0}.Debug|Any CPU.ActiveCfg = Debug|Any CPU
		{DA459A3D-77E3-43C3-AE79-9147CDA75EB0}.Debug|Any CPU.Build.0 = Debug|Any CPU
		{DA459A3D-77E3-43C3-AE79-9147CDA75EB0}.Release|Any CPU.ActiveCfg = Release|Any CPU
		{DA459A3D-77E3-43C3-AE79-9147CDA75EB0}.Release|Any CPU.Build.0 = Release|Any CPU
		{C9E20B09-EF51-46E1-9498-13638CDE8C6F}.Debug|Any CPU.ActiveCfg = Debug|Any CPU
		{C9E20B09-EF51-46E1-9498-13638CDE8C6F}.Debug|Any CPU.Build.0 = Debug|Any CPU
		{C9E20B09-EF51-46E1-9498-13638CDE8C6F}.Release|Any CPU.ActiveCfg = Release|Any CPU
		{C9E20B09-EF51-46E1-9498-13638CDE8C6F}.Release|Any CPU.Build.0 = Release|Any CPU
		{15D11F96-C9A9-4EAA-B336-9143BD4F437D}.Debug|Any CPU.ActiveCfg = Debug|Any CPU
		{15D11F96-C9A9-4EAA-B336-9143BD4F437D}.Debug|Any CPU.Build.0 = Debug|Any CPU
		{15D11F96-C9A9-4EAA-B336-9143BD4F437D}.Release|Any CPU.ActiveCfg = Release|Any CPU
		{15D11F96-C9A9-4EAA-B336-9143BD4F437D}.Release|Any CPU.Build.0 = Release|Any CPU
		{D7078054-8CE4-45CD-B0DB-BEF3143AC3E5}.Debug|Any CPU.ActiveCfg = Debug|Any CPU
		{D7078054-8CE4-45CD-B0DB-BEF3143AC3E5}.Debug|Any CPU.Build.0 = Debug|Any CPU
		{D7078054-8CE4-45CD-B0DB-BEF3143AC3E5}.Release|Any CPU.ActiveCfg = Release|Any CPU
		{D7078054-8CE4-45CD-B0DB-BEF3143AC3E5}.Release|Any CPU.Build.0 = Release|Any CPU
		{06720297-963C-4B95-B5AF-28540961DE5D}.Debug|Any CPU.ActiveCfg = Debug|Any CPU
		{06720297-963C-4B95-B5AF-28540961DE5D}.Debug|Any CPU.Build.0 = Debug|Any CPU
		{06720297-963C-4B95-B5AF-28540961DE5D}.Release|Any CPU.ActiveCfg = Release|Any CPU
		{06720297-963C-4B95-B5AF-28540961DE5D}.Release|Any CPU.Build.0 = Release|Any CPU
		{81D8B1CB-A572-46EB-B5EA-7D4A07665635}.Debug|Any CPU.ActiveCfg = Debug|Any CPU
		{81D8B1CB-A572-46EB-B5EA-7D4A07665635}.Debug|Any CPU.Build.0 = Debug|Any CPU
		{81D8B1CB-A572-46EB-B5EA-7D4A07665635}.Debug|Any CPU.Deploy.0 = Debug|Any CPU
		{81D8B1CB-A572-46EB-B5EA-7D4A07665635}.Release|Any CPU.ActiveCfg = Release|Any CPU
		{81D8B1CB-A572-46EB-B5EA-7D4A07665635}.Release|Any CPU.Build.0 = Release|Any CPU
		{81D8B1CB-A572-46EB-B5EA-7D4A07665635}.Release|Any CPU.Deploy.0 = Release|Any CPU
	EndGlobalSection
	GlobalSection(SolutionProperties) = preSolution
		HideSolutionNode = FALSE
	EndGlobalSection
EndGlobal
